
Microsoft Visual Studio Solution File, Format Version 12.00
Project("{FAE04EC0-301F-11D3-BF4B-00C04F79EFBC}") = "SpaceBaseball.Core", "SpaceBaseball.Core\SpaceBaseball.Core.csproj", "{27B24AC1-9D18-4FDB-BF84-E7E7D2EAC686}"
EndProject
Project("{FAE04EC0-301F-11D3-BF4B-00C04F79EFBC}") = "SpaceBaseball.Application", "SpaceBaseball.Application\SpaceBaseball.Application.csproj", "{9C19DEBC-ED93-4C4E-A15B-C7803FBCED3D}"
EndProject
Project("{FAE04EC0-301F-11D3-BF4B-00C04F79EFBC}") = "SpaceBaseball.Infrastructure", "SpaceBaseball.Infrastructure\SpaceBaseball.Infrastructure.csproj", "{9B3F1D26-F10B-4FE4-A9CE-55800F614D1D}"
EndProject
Project("{FAE04EC0-301F-11D3-BF4B-00C04F79EFBC}") = "SpaceBaseball.WebAPI", "SpaceBaseball.WebAPI\SpaceBaseball.WebAPI.csproj", "{A90D5E3D-FBC8-44A9-8978-46D0C2BC1033}"
EndProject
Project("{FAE04EC0-301F-11D3-BF4B-00C04F79EFBC}") = "SpaceBaseball.BlazorWASM", "SpaceBaseball.BlazorWASM\SpaceBaseball.BlazorWASM.csproj", "{F9FDDCBA-E5A5-4EFF-A9D4-4A8F50B93385}"
EndProject
Project("{FAE04EC0-301F-11D3-BF4B-00C04F79EFBC}") = "SpaceBaseball.Startup", "SpaceBaseball.Startup\SpaceBaseball.Startup.csproj", "{8D6DF672-C0DF-4090-992F-0F35E9DB619A}"
EndProject
Project("{FAE04EC0-301F-11D3-BF4B-00C04F79EFBC}") = "SpaceBaseball.Adapter.Sqlite", "SpaceBaseball.Adapter.Sqlite\SpaceBaseball.Adapter.Sqlite.csproj", "{68CD295B-F76D-4888-A4C7-6ABEA40DDA6D}"
EndProject
Project("{FAE04EC0-301F-11D3-BF4B-00C04F79EFBC}") = "SpaceBaseball.PlayerGeneratorConsole", "SpaceBaseball.PlayerGeneratorConsole\SpaceBaseball.PlayerGeneratorConsole.csproj", "{79B14B33-498A-4044-BF96-DEB221AB79F0}"
EndProject
Global
	GlobalSection(SolutionConfigurationPlatforms) = preSolution
		Debug|Any CPU = Debug|Any CPU
		Release|Any CPU = Release|Any CPU
	EndGlobalSection
	GlobalSection(ProjectConfigurationPlatforms) = postSolution
		{27B24AC1-9D18-4FDB-BF84-E7E7D2EAC686}.Debug|Any CPU.ActiveCfg = Debug|Any CPU
		{27B24AC1-9D18-4FDB-BF84-E7E7D2EAC686}.Debug|Any CPU.Build.0 = Debug|Any CPU
		{27B24AC1-9D18-4FDB-BF84-E7E7D2EAC686}.Release|Any CPU.ActiveCfg = Release|Any CPU
		{27B24AC1-9D18-4FDB-BF84-E7E7D2EAC686}.Release|Any CPU.Build.0 = Release|Any CPU
		{9C19DEBC-ED93-4C4E-A15B-C7803FBCED3D}.Debug|Any CPU.ActiveCfg = Debug|Any CPU
		{9C19DEBC-ED93-4C4E-A15B-C7803FBCED3D}.Debug|Any CPU.Build.0 = Debug|Any CPU
		{9C19DEBC-ED93-4C4E-A15B-C7803FBCED3D}.Release|Any CPU.ActiveCfg = Release|Any CPU
		{9C19DEBC-ED93-4C4E-A15B-C7803FBCED3D}.Release|Any CPU.Build.0 = Release|Any CPU
		{9B3F1D26-F10B-4FE4-A9CE-55800F614D1D}.Debug|Any CPU.ActiveCfg = Debug|Any CPU
		{9B3F1D26-F10B-4FE4-A9CE-55800F614D1D}.Debug|Any CPU.Build.0 = Debug|Any CPU
		{9B3F1D26-F10B-4FE4-A9CE-55800F614D1D}.Release|Any CPU.ActiveCfg = Release|Any CPU
		{9B3F1D26-F10B-4FE4-A9CE-55800F614D1D}.Release|Any CPU.Build.0 = Release|Any CPU
		{A90D5E3D-FBC8-44A9-8978-46D0C2BC1033}.Debug|Any CPU.ActiveCfg = Debug|Any CPU
		{A90D5E3D-FBC8-44A9-8978-46D0C2BC1033}.Debug|Any CPU.Build.0 = Debug|Any CPU
		{A90D5E3D-FBC8-44A9-8978-46D0C2BC1033}.Release|Any CPU.ActiveCfg = Release|Any CPU
		{A90D5E3D-FBC8-44A9-8978-46D0C2BC1033}.Release|Any CPU.Build.0 = Release|Any CPU
		{F9FDDCBA-E5A5-4EFF-A9D4-4A8F50B93385}.Debug|Any CPU.ActiveCfg = Debug|Any CPU
		{F9FDDCBA-E5A5-4EFF-A9D4-4A8F50B93385}.Debug|Any CPU.Build.0 = Debug|Any CPU
		{F9FDDCBA-E5A5-4EFF-A9D4-4A8F50B93385}.Release|Any CPU.ActiveCfg = Release|Any CPU
		{F9FDDCBA-E5A5-4EFF-A9D4-4A8F50B93385}.Release|Any CPU.Build.0 = Release|Any CPU
		{8D6DF672-C0DF-4090-992F-0F35E9DB619A}.Debug|Any CPU.ActiveCfg = Debug|Any CPU
		{8D6DF672-C0DF-4090-992F-0F35E9DB619A}.Debug|Any CPU.Build.0 = Debug|Any CPU
		{8D6DF672-C0DF-4090-992F-0F35E9DB619A}.Release|Any CPU.ActiveCfg = Release|Any CPU
		{8D6DF672-C0DF-4090-992F-0F35E9DB619A}.Release|Any CPU.Build.0 = Release|Any CPU
		{68CD295B-F76D-4888-A4C7-6ABEA40DDA6D}.Debug|Any CPU.ActiveCfg = Debug|Any CPU
		{68CD295B-F76D-4888-A4C7-6ABEA40DDA6D}.Debug|Any CPU.Build.0 = Debug|Any CPU
		{68CD295B-F76D-4888-A4C7-6ABEA40DDA6D}.Release|Any CPU.ActiveCfg = Release|Any CPU
		{68CD295B-F76D-4888-A4C7-6ABEA40DDA6D}.Release|Any CPU.Build.0 = Release|Any CPU
		{79B14B33-498A-4044-BF96-DEB221AB79F0}.Debug|Any CPU.ActiveCfg = Debug|Any CPU
		{79B14B33-498A-4044-BF96-DEB221AB79F0}.Debug|Any CPU.Build.0 = Debug|Any CPU
		{79B14B33-498A-4044-BF96-DEB221AB79F0}.Release|Any CPU.ActiveCfg = Release|Any CPU
		{79B14B33-498A-4044-BF96-DEB221AB79F0}.Release|Any CPU.Build.0 = Release|Any CPU
	EndGlobalSection
EndGlobal
